
Microsoft Visual Studio Solution File, Format Version 12.00
# Visual Studio Version 17
VisualStudioVersion = 17.8.34309.116
MinimumVisualStudioVersion = 10.0.40219.1
Project("{FAE04EC0-301F-11D3-BF4B-00C04F79EFBC}") = "Employees", "Employees\Employees.csproj", "{3C0BC29A-3931-4C2B-9197-2893C4A4A5CE}"
EndProject
Global
	GlobalSection(SolutionConfigurationPlatforms) = preSolution
		Debug|Any CPU = Debug|Any CPU
		Release|Any CPU = Release|Any CPU
	EndGlobalSection
	GlobalSection(ProjectConfigurationPlatforms) = postSolution
		{3C0BC29A-3931-4C2B-9197-2893C4A4A5CE}.Debug|Any CPU.ActiveCfg = Debug|Any CPU
		{3C0BC29A-3931-4C2B-9197-2893C4A4A5CE}.Debug|Any CPU.Build.0 = Debug|Any CPU
		{3C0BC29A-3931-4C2B-9197-2893C4A4A5CE}.Release|Any CPU.ActiveCfg = Release|Any CPU
		{3C0BC29A-3931-4C2B-9197-2893C4A4A5CE}.Release|Any CPU.Build.0 = Release|Any CPU
	EndGlobalSection
	GlobalSection(SolutionProperties) = preSolution
		HideSolutionNode = FALSE
	EndGlobalSection
	GlobalSection(ExtensibilityGlobals) = postSolution
		SolutionGuid = {57F125CA-7B88-422A-87EC-04D0ABECC2A7}
	EndGlobalSection
EndGlobal
